
Microsoft Visual Studio Solution File, Format Version 12.00
# Visual Studio Version 16
VisualStudioVersion = 16.0.30320.27
MinimumVisualStudioVersion = 10.0.40219.1
Project("{9A19103F-16F7-4668-BE54-9A1E7A4F7556}") = "Ecommerce.Models", "Ecommerce.Models\Ecommerce.Models.csproj", "{27883EE4-CB87-4796-8E57-4C3797C05E35}"
EndProject
Project("{9A19103F-16F7-4668-BE54-9A1E7A4F7556}") = "Ecommerce.DatabaseContext", "Ecommerce.DatabaseContext\Ecommerce.DatabaseContext.csproj", "{D011C811-FF9B-4DEA-9D27-9B474B5C808D}"
EndProject
Project("{9A19103F-16F7-4668-BE54-9A1E7A4F7556}") = "Ecommerce.Web", "Ecommerce.Web\Ecommerce.Web.csproj", "{5C54A85B-BEDA-4A45-B5F0-8B7FC3FDBBEA}"
EndProject
Project("{9A19103F-16F7-4668-BE54-9A1E7A4F7556}") = "Ecommerce.Repository.Abstraction", "Ecommerce.Repository.Abstraction\Ecommerce.Repository.Abstraction.csproj", "{AD018207-FB73-4D2A-9B78-F83935694DD9}"
EndProject
Project("{9A19103F-16F7-4668-BE54-9A1E7A4F7556}") = "Ecommerce.Repository", "Ecommerce.Repository\Ecommerce.Repository.csproj", "{DA07B9F9-27F7-4B8E-8599-0B7785E389B8}"
EndProject
Project("{FAE04EC0-301F-11D3-BF4B-00C04F79EFBC}") = "Ecommerce.BLL.Abstraction", "Ecommerce.BLL.Abstraction\Ecommerce.BLL.Abstraction.csproj", "{2B813855-A159-469E-B998-9B344C197472}"
EndProject
Project("{FAE04EC0-301F-11D3-BF4B-00C04F79EFBC}") = "Ecommerce.BLL", "Ecommerce.BLL\Ecommerce.BLL.csproj", "{2DBB4C39-47E4-4833-B62A-B5493FFA5E6F}"
EndProject
Global
	GlobalSection(SolutionConfigurationPlatforms) = preSolution
		Debug|Any CPU = Debug|Any CPU
		Release|Any CPU = Release|Any CPU
	EndGlobalSection
	GlobalSection(ProjectConfigurationPlatforms) = postSolution
		{27883EE4-CB87-4796-8E57-4C3797C05E35}.Debug|Any CPU.ActiveCfg = Debug|Any CPU
		{27883EE4-CB87-4796-8E57-4C3797C05E35}.Debug|Any CPU.Build.0 = Debug|Any CPU
		{27883EE4-CB87-4796-8E57-4C3797C05E35}.Release|Any CPU.ActiveCfg = Release|Any CPU
		{27883EE4-CB87-4796-8E57-4C3797C05E35}.Release|Any CPU.Build.0 = Release|Any CPU
		{D011C811-FF9B-4DEA-9D27-9B474B5C808D}.Debug|Any CPU.ActiveCfg = Debug|Any CPU
		{D011C811-FF9B-4DEA-9D27-9B474B5C808D}.Debug|Any CPU.Build.0 = Debug|Any CPU
		{D011C811-FF9B-4DEA-9D27-9B474B5C808D}.Release|Any CPU.ActiveCfg = Release|Any CPU
		{D011C811-FF9B-4DEA-9D27-9B474B5C808D}.Release|Any CPU.Build.0 = Release|Any CPU
		{5C54A85B-BEDA-4A45-B5F0-8B7FC3FDBBEA}.Debug|Any CPU.ActiveCfg = Debug|Any CPU
		{5C54A85B-BEDA-4A45-B5F0-8B7FC3FDBBEA}.Debug|Any CPU.Build.0 = Debug|Any CPU
		{5C54A85B-BEDA-4A45-B5F0-8B7FC3FDBBEA}.Release|Any CPU.ActiveCfg = Release|Any CPU
		{5C54A85B-BEDA-4A45-B5F0-8B7FC3FDBBEA}.Release|Any CPU.Build.0 = Release|Any CPU
		{AD018207-FB73-4D2A-9B78-F83935694DD9}.Debug|Any CPU.ActiveCfg = Debug|Any CPU
		{AD018207-FB73-4D2A-9B78-F83935694DD9}.Debug|Any CPU.Build.0 = Debug|Any CPU
		{AD018207-FB73-4D2A-9B78-F83935694DD9}.Release|Any CPU.ActiveCfg = Release|Any CPU
		{AD018207-FB73-4D2A-9B78-F83935694DD9}.Release|Any CPU.Build.0 = Release|Any CPU
		{DA07B9F9-27F7-4B8E-8599-0B7785E389B8}.Debug|Any CPU.ActiveCfg = Debug|Any CPU
		{DA07B9F9-27F7-4B8E-8599-0B7785E389B8}.Debug|Any CPU.Build.0 = Debug|Any CPU
		{DA07B9F9-27F7-4B8E-8599-0B7785E389B8}.Release|Any CPU.ActiveCfg = Release|Any CPU
		{DA07B9F9-27F7-4B8E-8599-0B7785E389B8}.Release|Any CPU.Build.0 = Release|Any CPU
		{2B813855-A159-469E-B998-9B344C197472}.Debug|Any CPU.ActiveCfg = Debug|Any CPU
		{2B813855-A159-469E-B998-9B344C197472}.Debug|Any CPU.Build.0 = Debug|Any CPU
		{2B813855-A159-469E-B998-9B344C197472}.Release|Any CPU.ActiveCfg = Release|Any CPU
		{2B813855-A159-469E-B998-9B344C197472}.Release|Any CPU.Build.0 = Release|Any CPU
		{2DBB4C39-47E4-4833-B62A-B5493FFA5E6F}.Debug|Any CPU.ActiveCfg = Debug|Any CPU
		{2DBB4C39-47E4-4833-B62A-B5493FFA5E6F}.Debug|Any CPU.Build.0 = Debug|Any CPU
		{2DBB4C39-47E4-4833-B62A-B5493FFA5E6F}.Release|Any CPU.ActiveCfg = Release|Any CPU
		{2DBB4C39-47E4-4833-B62A-B5493FFA5E6F}.Release|Any CPU.Build.0 = Release|Any CPU
	EndGlobalSection
	GlobalSection(SolutionProperties) = preSolution
		HideSolutionNode = FALSE
	EndGlobalSection
	GlobalSection(ExtensibilityGlobals) = postSolution
		SolutionGuid = {A37D7362-4ABD-4B28-99FC-030104CC3371}
	EndGlobalSection
EndGlobal
